
Microsoft Visual Studio Solution File, Format Version 12.00
# Visual Studio 2012
Project("{FAE04EC0-301F-11D3-BF4B-00C04F79EFBC}") = "GigaDatCreator", "GigaDatCreator\GigaDatCreator.csproj", "{E0F3453F-F5B3-44C0-9D0D-1977E39FF64A}"
	ProjectSection(ProjectDependencies) = postProject
		{32B8E9C9-8AD3-4DF4-927C-858B20366487} = {32B8E9C9-8AD3-4DF4-927C-858B20366487}
	EndProjectSection
EndProject
Project("{FAE04EC0-301F-11D3-BF4B-00C04F79EFBC}") = "GigaDatCreatorDLL", "GigaDatCreatorDLL\GigaDatCreatorDLL\GigaDatCreatorDLL.csproj", "{32B8E9C9-8AD3-4DF4-927C-858B20366487}"
EndProject
Global
	GlobalSection(SolutionConfigurationPlatforms) = preSolution
		Debug|Any CPU = Debug|Any CPU
		Release|Any CPU = Release|Any CPU
	EndGlobalSection
	GlobalSection(ProjectConfigurationPlatforms) = postSolution
		{E0F3453F-F5B3-44C0-9D0D-1977E39FF64A}.Debug|Any CPU.ActiveCfg = Debug|Any CPU
		{E0F3453F-F5B3-44C0-9D0D-1977E39FF64A}.Debug|Any CPU.Build.0 = Debug|Any CPU
		{E0F3453F-F5B3-44C0-9D0D-1977E39FF64A}.Release|Any CPU.ActiveCfg = Release|Any CPU
		{E0F3453F-F5B3-44C0-9D0D-1977E39FF64A}.Release|Any CPU.Build.0 = Release|Any CPU
		{32B8E9C9-8AD3-4DF4-927C-858B20366487}.Debug|Any CPU.ActiveCfg = Debug|Any CPU
		{32B8E9C9-8AD3-4DF4-927C-858B20366487}.Debug|Any CPU.Build.0 = Debug|Any CPU
		{32B8E9C9-8AD3-4DF4-927C-858B20366487}.Release|Any CPU.ActiveCfg = Release|Any CPU
		{32B8E9C9-8AD3-4DF4-927C-858B20366487}.Release|Any CPU.Build.0 = Release|Any CPU
	EndGlobalSection
	GlobalSection(SolutionProperties) = preSolution
		HideSolutionNode = FALSE
	EndGlobalSection
EndGlobal
